
Microsoft Visual Studio Solution File, Format Version 12.00
# Visual Studio Version 17
VisualStudioVersion = 17.2.32602.215
MinimumVisualStudioVersion = 10.0.40219.1
Project("{FAE04EC0-301F-11D3-BF4B-00C04F79EFBC}") = "RevitAPI33", "RevitAPI33\RevitAPI33.csproj", "{EA24CBE0-0F07-43F5-898D-69AFBC828531}"
EndProject
Global
	GlobalSection(SolutionConfigurationPlatforms) = preSolution
		Debug|Any CPU = Debug|Any CPU
		Release|Any CPU = Release|Any CPU
	EndGlobalSection
	GlobalSection(ProjectConfigurationPlatforms) = postSolution
		{EA24CBE0-0F07-43F5-898D-69AFBC828531}.Debug|Any CPU.ActiveCfg = Debug|Any CPU
		{EA24CBE0-0F07-43F5-898D-69AFBC828531}.Debug|Any CPU.Build.0 = Debug|Any CPU
		{EA24CBE0-0F07-43F5-898D-69AFBC828531}.Release|Any CPU.ActiveCfg = Release|Any CPU
		{EA24CBE0-0F07-43F5-898D-69AFBC828531}.Release|Any CPU.Build.0 = Release|Any CPU
	EndGlobalSection
	GlobalSection(SolutionProperties) = preSolution
		HideSolutionNode = FALSE
	EndGlobalSection
	GlobalSection(ExtensibilityGlobals) = postSolution
		SolutionGuid = {62C251DA-9EB0-4F36-B05B-BFD9E76EAEE5}
	EndGlobalSection
EndGlobal
